{
  "name": "imagizer-trial",
  "version": "1.0.0",
  "lockfileVersion": 1,
  "requires": true,
  "dependencies": {
    "imagizer-javascript": {
      "version": "1.4.4",
      "resolved": "https://registry.npmjs.org/imagizer-javascript/-/imagizer-javascript-1.4.4.tgz",
      "integrity": "sha512-fBc8758wxz3hDHn8JpmxJ5J7ZkKepJxRf1bKLfIKgkDM4Wp3jC2fL1EgPEuILJ/6cIxOrl51c1hmgGQYMZZ4Gw==",
      "requires": {
        "python-shell": "^1.0.8"
      }
    },
    "python-shell": {
      "version": "1.0.8",
      "resolved": "https://registry.npmjs.org/python-shell/-/python-shell-1.0.8.tgz",
      "integrity": "sha512-jMKagerg3alm6j+Prq5t/M3dTgEppy5vC6ns+LqAjfuHiT8olfK3PMokpqpeEcWEqvDnUcAOhp6SQzaLBtTzRw=="
    }
  }
}
